
Microsoft Visual Studio Solution File, Format Version 12.00
# Visual Studio Version 17
VisualStudioVersion = 17.4.33403.182
MinimumVisualStudioVersion = 10.0.40219.1
Project("{9A19103F-16F7-4668-BE54-9A1E7A4F7556}") = "ConsoleApp", "ConsoleApp1\ConsoleApp.csproj", "{B1E2EE05-5AD0-4405-86AC-76377C097FBE}"
EndProject
Project("{9A19103F-16F7-4668-BE54-9A1E7A4F7556}") = "Model", "..\Model\Model.csproj", "{464DBDA7-289B-41DF-B41A-F665EEAE79AD}"
EndProject
Global
	GlobalSection(SolutionConfigurationPlatforms) = preSolution
		Debug|Any CPU = Debug|Any CPU
		Release|Any CPU = Release|Any CPU
	EndGlobalSection
	GlobalSection(ProjectConfigurationPlatforms) = postSolution
		{B1E2EE05-5AD0-4405-86AC-76377C097FBE}.Debug|Any CPU.ActiveCfg = Debug|Any CPU
		{B1E2EE05-5AD0-4405-86AC-76377C097FBE}.Debug|Any CPU.Build.0 = Debug|Any CPU
		{B1E2EE05-5AD0-4405-86AC-76377C097FBE}.Release|Any CPU.ActiveCfg = Release|Any CPU
		{B1E2EE05-5AD0-4405-86AC-76377C097FBE}.Release|Any CPU.Build.0 = Release|Any CPU
		{464DBDA7-289B-41DF-B41A-F665EEAE79AD}.Debug|Any CPU.ActiveCfg = Debug|Any CPU
		{464DBDA7-289B-41DF-B41A-F665EEAE79AD}.Debug|Any CPU.Build.0 = Debug|Any CPU
		{464DBDA7-289B-41DF-B41A-F665EEAE79AD}.Release|Any CPU.ActiveCfg = Release|Any CPU
		{464DBDA7-289B-41DF-B41A-F665EEAE79AD}.Release|Any CPU.Build.0 = Release|Any CPU
	EndGlobalSection
	GlobalSection(SolutionProperties) = preSolution
		HideSolutionNode = FALSE
	EndGlobalSection
	GlobalSection(ExtensibilityGlobals) = postSolution
		SolutionGuid = {D2D7F5E6-D26F-451E-94F0-BC8F4B3ADF79}
	EndGlobalSection
EndGlobal
