
Microsoft Visual Studio Solution File, Format Version 12.00
# Visual Studio Version 17
VisualStudioVersion = 17.4.33403.182
MinimumVisualStudioVersion = 10.0.40219.1
Project("{9A19103F-16F7-4668-BE54-9A1E7A4F7556}") = "Model", "..\..\LAB3\ConsoleLab3\Model\Model.csproj", "{AE99E625-C67B-47CE-8383-C529D763EBDB}"
EndProject
Project("{FAE04EC0-301F-11D3-BF4B-00C04F79EFBC}") = "WinFormsApp", "WinFormsApp\WinFormsApp.csproj", "{4D75353E-9855-4F71-B40C-C62FFDF484CC}"
EndProject
Global
	GlobalSection(SolutionConfigurationPlatforms) = preSolution
		Debug|Any CPU = Debug|Any CPU
		Release|Any CPU = Release|Any CPU
	EndGlobalSection
	GlobalSection(ProjectConfigurationPlatforms) = postSolution
		{AE99E625-C67B-47CE-8383-C529D763EBDB}.Debug|Any CPU.ActiveCfg = Debug|Any CPU
		{AE99E625-C67B-47CE-8383-C529D763EBDB}.Debug|Any CPU.Build.0 = Debug|Any CPU
		{AE99E625-C67B-47CE-8383-C529D763EBDB}.Release|Any CPU.ActiveCfg = Release|Any CPU
		{AE99E625-C67B-47CE-8383-C529D763EBDB}.Release|Any CPU.Build.0 = Release|Any CPU
		{4D75353E-9855-4F71-B40C-C62FFDF484CC}.Debug|Any CPU.ActiveCfg = Debug|Any CPU
		{4D75353E-9855-4F71-B40C-C62FFDF484CC}.Debug|Any CPU.Build.0 = Debug|Any CPU
		{4D75353E-9855-4F71-B40C-C62FFDF484CC}.Release|Any CPU.ActiveCfg = Release|Any CPU
		{4D75353E-9855-4F71-B40C-C62FFDF484CC}.Release|Any CPU.Build.0 = Release|Any CPU
	EndGlobalSection
	GlobalSection(SolutionProperties) = preSolution
		HideSolutionNode = FALSE
	EndGlobalSection
	GlobalSection(ExtensibilityGlobals) = postSolution
		SolutionGuid = {833F4AAE-1F53-43B3-918C-96EA1F5AE60E}
	EndGlobalSection
EndGlobal
